
Microsoft Visual Studio Solution File, Format Version 12.00
# Visual Studio Version 16
VisualStudioVersion = 16.0.29123.88
MinimumVisualStudioVersion = 10.0.40219.1
Project("{FAE04EC0-301F-11D3-BF4B-00C04F79EFBC}") = "DevRoom", "DevRoom.csproj", "{646264DF-363E-4C8C-8DE2-6530439EA264}"
EndProject
Global
	GlobalSection(SolutionConfigurationPlatforms) = preSolution
		Debug|Any CPU = Debug|Any CPU
		Release|Any CPU = Release|Any CPU
	EndGlobalSection
	GlobalSection(ProjectConfigurationPlatforms) = postSolution
		{646264DF-363E-4C8C-8DE2-6530439EA264}.Debug|Any CPU.ActiveCfg = Debug|Any CPU
		{646264DF-363E-4C8C-8DE2-6530439EA264}.Debug|Any CPU.Build.0 = Debug|Any CPU
		{646264DF-363E-4C8C-8DE2-6530439EA264}.Release|Any CPU.ActiveCfg = Release|Any CPU
		{646264DF-363E-4C8C-8DE2-6530439EA264}.Release|Any CPU.Build.0 = Release|Any CPU
	EndGlobalSection
	GlobalSection(SolutionProperties) = preSolution
		HideSolutionNode = FALSE
	EndGlobalSection
	GlobalSection(ExtensibilityGlobals) = postSolution
		SolutionGuid = {A16A8C8F-7F24-437B-8CC3-52EE3BF92171}
	EndGlobalSection
EndGlobal
